
Microsoft Visual Studio Solution File, Format Version 12.00
# Visual Studio Version 17
VisualStudioVersion = 17.13.35931.197
MinimumVisualStudioVersion = 10.0.40219.1
Project("{2150E333-8FDC-42A3-9474-1A3956D46DE8}") = "src", "src", "{02EA681E-C7D8-13C7-8484-4AC65E1B71E8}"
EndProject
Project("{FAE04EC0-301F-11D3-BF4B-00C04F79EFBC}") = "Fluent-Builder", "Fluent-Builder\Fluent-Builder.csproj", "{C8A39128-061A-42BE-BD0B-064ECAC9FB5A}"
EndProject
Project("{FAE04EC0-301F-11D3-BF4B-00C04F79EFBC}") = "Singleton", "Singleton\Singleton.csproj", "{45F95249-6011-4E34-A38A-FCED6E6629EB}"
EndProject
Project("{FAE04EC0-301F-11D3-BF4B-00C04F79EFBC}") = "Adapter", "Adapter\Adapter.csproj", "{19D5E8D5-7FC1-41AF-99A8-D91AD1C1712B}"
EndProject
Project("{2150E333-8FDC-42A3-9474-1A3956D46DE8}") = "Code_Refactor_Examples", "Code_Refactor_Examples", "{17653D31-5407-4B55-B56E-8C3A4EB53677}"
EndProject
Project("{FAE04EC0-301F-11D3-BF4B-00C04F79EFBC}") = "Code_Refactor_Polymorphism", "Code_Refactor_Polymorphism\Code_Refactor_Polymorphism.csproj", "{ADEE9E03-172D-409F-91EB-158D2231702B}"
EndProject
Project("{FAE04EC0-301F-11D3-BF4B-00C04F79EFBC}") = "Facade", "Facade\Facade.csproj", "{EB7BB7B0-1A30-473E-B25F-7F2931DB1E2C}"
EndProject
Project("{FAE04EC0-301F-11D3-BF4B-00C04F79EFBC}") = "TemplatePattern", "TemplatePattern\TemplatePattern.csproj", "{A50E7353-E6AB-472A-889A-811BD8B265F8}"
EndProject
Global
	GlobalSection(SolutionConfigurationPlatforms) = preSolution
		Debug|Any CPU = Debug|Any CPU
		Release|Any CPU = Release|Any CPU
	EndGlobalSection
	GlobalSection(ProjectConfigurationPlatforms) = postSolution
		{C8A39128-061A-42BE-BD0B-064ECAC9FB5A}.Debug|Any CPU.ActiveCfg = Debug|Any CPU
		{C8A39128-061A-42BE-BD0B-064ECAC9FB5A}.Debug|Any CPU.Build.0 = Debug|Any CPU
		{C8A39128-061A-42BE-BD0B-064ECAC9FB5A}.Release|Any CPU.ActiveCfg = Release|Any CPU
		{C8A39128-061A-42BE-BD0B-064ECAC9FB5A}.Release|Any CPU.Build.0 = Release|Any CPU
		{45F95249-6011-4E34-A38A-FCED6E6629EB}.Debug|Any CPU.ActiveCfg = Debug|Any CPU
		{45F95249-6011-4E34-A38A-FCED6E6629EB}.Debug|Any CPU.Build.0 = Debug|Any CPU
		{45F95249-6011-4E34-A38A-FCED6E6629EB}.Release|Any CPU.ActiveCfg = Release|Any CPU
		{45F95249-6011-4E34-A38A-FCED6E6629EB}.Release|Any CPU.Build.0 = Release|Any CPU
		{19D5E8D5-7FC1-41AF-99A8-D91AD1C1712B}.Debug|Any CPU.ActiveCfg = Debug|Any CPU
		{19D5E8D5-7FC1-41AF-99A8-D91AD1C1712B}.Debug|Any CPU.Build.0 = Debug|Any CPU
		{19D5E8D5-7FC1-41AF-99A8-D91AD1C1712B}.Release|Any CPU.ActiveCfg = Release|Any CPU
		{19D5E8D5-7FC1-41AF-99A8-D91AD1C1712B}.Release|Any CPU.Build.0 = Release|Any CPU
		{ADEE9E03-172D-409F-91EB-158D2231702B}.Debug|Any CPU.ActiveCfg = Debug|Any CPU
		{ADEE9E03-172D-409F-91EB-158D2231702B}.Debug|Any CPU.Build.0 = Debug|Any CPU
		{ADEE9E03-172D-409F-91EB-158D2231702B}.Release|Any CPU.ActiveCfg = Release|Any CPU
		{ADEE9E03-172D-409F-91EB-158D2231702B}.Release|Any CPU.Build.0 = Release|Any CPU
		{EB7BB7B0-1A30-473E-B25F-7F2931DB1E2C}.Debug|Any CPU.ActiveCfg = Debug|Any CPU
		{EB7BB7B0-1A30-473E-B25F-7F2931DB1E2C}.Debug|Any CPU.Build.0 = Debug|Any CPU
		{EB7BB7B0-1A30-473E-B25F-7F2931DB1E2C}.Release|Any CPU.ActiveCfg = Release|Any CPU
		{EB7BB7B0-1A30-473E-B25F-7F2931DB1E2C}.Release|Any CPU.Build.0 = Release|Any CPU
		{A50E7353-E6AB-472A-889A-811BD8B265F8}.Debug|Any CPU.ActiveCfg = Debug|Any CPU
		{A50E7353-E6AB-472A-889A-811BD8B265F8}.Debug|Any CPU.Build.0 = Debug|Any CPU
		{A50E7353-E6AB-472A-889A-811BD8B265F8}.Release|Any CPU.ActiveCfg = Release|Any CPU
		{A50E7353-E6AB-472A-889A-811BD8B265F8}.Release|Any CPU.Build.0 = Release|Any CPU
	EndGlobalSection
	GlobalSection(SolutionProperties) = preSolution
		HideSolutionNode = FALSE
	EndGlobalSection
	GlobalSection(NestedProjects) = preSolution
		{C8A39128-061A-42BE-BD0B-064ECAC9FB5A} = {02EA681E-C7D8-13C7-8484-4AC65E1B71E8}
		{45F95249-6011-4E34-A38A-FCED6E6629EB} = {02EA681E-C7D8-13C7-8484-4AC65E1B71E8}
		{19D5E8D5-7FC1-41AF-99A8-D91AD1C1712B} = {02EA681E-C7D8-13C7-8484-4AC65E1B71E8}
		{17653D31-5407-4B55-B56E-8C3A4EB53677} = {02EA681E-C7D8-13C7-8484-4AC65E1B71E8}
		{ADEE9E03-172D-409F-91EB-158D2231702B} = {17653D31-5407-4B55-B56E-8C3A4EB53677}
		{EB7BB7B0-1A30-473E-B25F-7F2931DB1E2C} = {02EA681E-C7D8-13C7-8484-4AC65E1B71E8}
		{A50E7353-E6AB-472A-889A-811BD8B265F8} = {02EA681E-C7D8-13C7-8484-4AC65E1B71E8}
	EndGlobalSection
	GlobalSection(ExtensibilityGlobals) = postSolution
		SolutionGuid = {3756A9B0-ED73-42CE-9DEF-28ABB0A3E9DB}
	EndGlobalSection
EndGlobal
